
Microsoft Visual Studio Solution File, Format Version 10.00
# Visual Studio 2008
Project("{F184B08F-C81C-45F6-A57F-5ABD9991F28F}") = "CrazyPenguin", "CrazyPenguin\CrazyPenguin.vbproj", "{AA710098-B638-4124-B52A-92419FFA6E2C}"
EndProject
Global
	GlobalSection(SolutionConfigurationPlatforms) = preSolution
		Debug|Any CPU = Debug|Any CPU
		Release|Any CPU = Release|Any CPU
	EndGlobalSection
	GlobalSection(ProjectConfigurationPlatforms) = postSolution
		{AA710098-B638-4124-B52A-92419FFA6E2C}.Debug|Any CPU.ActiveCfg = Debug|Any CPU
		{AA710098-B638-4124-B52A-92419FFA6E2C}.Debug|Any CPU.Build.0 = Debug|Any CPU
		{AA710098-B638-4124-B52A-92419FFA6E2C}.Release|Any CPU.ActiveCfg = Release|Any CPU
		{AA710098-B638-4124-B52A-92419FFA6E2C}.Release|Any CPU.Build.0 = Release|Any CPU
	EndGlobalSection
	GlobalSection(SolutionProperties) = preSolution
		HideSolutionNode = FALSE
	EndGlobalSection
EndGlobal
